// !$*UTF8*$!
{
	archiveVersion = 1;
	classes = {
	};
	objectVersion = 50;
	objects = {

/* Begin PBXBuildFile section */
		BF3DA90E28B778020035A3A8 /* CaseUserDefaults.swift in Sources */ = {isa = PBXBuildFile; fileRef = BF3DA90D28B778020035A3A8 /* CaseUserDefaults.swift */; };
		BF3DA91228B778C00035A3A8 /* GameVC+alert.swift in Sources */ = {isa = PBXBuildFile; fileRef = BF3DA91128B778C00035A3A8 /* GameVC+alert.swift */; };
		BF3DA91528B77A160035A3A8 /* Record.swift in Sources */ = {isa = PBXBuildFile; fileRef = BF3DA91428B77A160035A3A8 /* Record.swift */; };
		BF7764D728B3869400F4C268 /* CustomButton.swift in Sources */ = {isa = PBXBuildFile; fileRef = BF7764D628B3869400F4C268 /* CustomButton.swift */; };
		BF7764DC28B387CE00F4C268 /* LevelLabel.swift in Sources */ = {isa = PBXBuildFile; fileRef = BF7764DB28B387CE00F4C268 /* LevelLabel.swift */; };
		BF7764DF28B38C3C00F4C268 /* ScoreLabel.swift in Sources */ = {isa = PBXBuildFile; fileRef = BF7764DE28B38C3C00F4C268 /* ScoreLabel.swift */; };
		BF7764E328B390B500F4C268 /* FieldImageView.swift in Sources */ = {isa = PBXBuildFile; fileRef = BF7764E228B390B500F4C268 /* FieldImageView.swift */; };
		BF91FABF28B4C68500EC72E9 /* Game.swift in Sources */ = {isa = PBXBuildFile; fileRef = BF91FABE28B4C68500EC72E9 /* Game.swift */; };
		BF91FAC228B4C6CE00EC72E9 /* GameStatus.swift in Sources */ = {isa = PBXBuildFile; fileRef = BF91FAC128B4C6CE00EC72E9 /* GameStatus.swift */; };
		BF91FAC528B4C70F00EC72E9 /* Piece.swift in Sources */ = {isa = PBXBuildFile; fileRef = BF91FAC428B4C70F00EC72E9 /* Piece.swift */; };
		BF91FAC828B4C72900EC72E9 /* Snake.swift in Sources */ = {isa = PBXBuildFile; fileRef = BF91FAC728B4C72900EC72E9 /* Snake.swift */; };
		BF91FACB28B4C87400EC72E9 /* Direction.swift in Sources */ = {isa = PBXBuildFile; fileRef = BF91FACA28B4C87400EC72E9 /* Direction.swift */; };
		BF91FACE28B4CE4A00EC72E9 /* Game+Timer.swift in Sources */ = {isa = PBXBuildFile; fileRef = BF91FACD28B4CE4A00EC72E9 /* Game+Timer.swift */; };
		BF91FAD128B4D55700EC72E9 /* NSNotification+extension.swift in Sources */ = {isa = PBXBuildFile; fileRef = BF91FAD028B4D55700EC72E9 /* NSNotification+extension.swift */; };
		BFD6424128B24E4D00E58E79 /* AppDelegate.swift in Sources */ = {isa = PBXBuildFile; fileRef = BFD6424028B24E4D00E58E79 /* AppDelegate.swift */; };
		BFD6424328B24E4D00E58E79 /* SceneDelegate.swift in Sources */ = {isa = PBXBuildFile; fileRef = BFD6424228B24E4D00E58E79 /* SceneDelegate.swift */; };
		BFD6424528B24E4D00E58E79 /* GameViewController.swift in Sources */ = {isa = PBXBuildFile; fileRef = BFD6424428B24E4D00E58E79 /* GameViewController.swift */; };
		BFD6424828B24E4D00E58E79 /* Main.storyboard in Resources */ = {isa = PBXBuildFile; fileRef = BFD6424628B24E4D00E58E79 /* Main.storyboard */; };
		BFD6424A28B24E4D00E58E79 /* Assets.xcassets in Resources */ = {isa = PBXBuildFile; fileRef = BFD6424928B24E4D00E58E79 /* Assets.xcassets */; };
		BFD6424D28B24E4D00E58E79 /* LaunchScreen.storyboard in Resources */ = {isa = PBXBuildFile; fileRef = BFD6424B28B24E4D00E58E79 /* LaunchScreen.storyboard */; };
		BFD6426228B24F8D00E58E79 /* GameView.swift in Sources */ = {isa = PBXBuildFile; fileRef = BFD6426128B24F8D00E58E79 /* GameView.swift */; };
/* End PBXBuildFile section */

/* Begin PBXFileReference section */
		BF3DA90D28B778020035A3A8 /* CaseUserDefaults.swift */ = {isa = PBXFileReference; lastKnownFileType = sourcecode.swift; path = CaseUserDefaults.swift; sourceTree = "<group>"; };
		BF3DA91128B778C00035A3A8 /* GameVC+alert.swift */ = {isa = PBXFileReference; lastKnownFileType = sourcecode.swift; path = "GameVC+alert.swift"; sourceTree = "<group>"; };
		BF3DA91428B77A160035A3A8 /* Record.swift */ = {isa = PBXFileReference; lastKnownFileType = sourcecode.swift; path = Record.swift; sourceTree = "<group>"; };
		BF7764D628B3869400F4C268 /* CustomButton.swift */ = {isa = PBXFileReference; lastKnownFileType = sourcecode.swift; path = CustomButton.swift; sourceTree = "<group>"; };
		BF7764DB28B387CE00F4C268 /* LevelLabel.swift */ = {isa = PBXFileReference; lastKnownFileType = sourcecode.swift; path = LevelLabel.swift; sourceTree = "<group>"; };
		BF7764DE28B38C3C00F4C268 /* ScoreLabel.swift */ = {isa = PBXFileReference; lastKnownFileType = sourcecode.swift; path = ScoreLabel.swift; sourceTree = "<group>"; };
		BF7764E228B390B500F4C268 /* FieldImageView.swift */ = {isa = PBXFileReference; lastKnownFileType = sourcecode.swift; path = FieldImageView.swift; sourceTree = "<group>"; };
		BF91FABE28B4C68500EC72E9 /* Game.swift */ = {isa = PBXFileReference; lastKnownFileType = sourcecode.swift; path = Game.swift; sourceTree = "<group>"; };
		BF91FAC128B4C6CE00EC72E9 /* GameStatus.swift */ = {isa = PBXFileReference; lastKnownFileType = sourcecode.swift; path = GameStatus.swift; sourceTree = "<group>"; };
		BF91FAC428B4C70F00EC72E9 /* Piece.swift */ = {isa = PBXFileReference; lastKnownFileType = sourcecode.swift; path = Piece.swift; sourceTree = "<group>"; };
		BF91FAC728B4C72900EC72E9 /* Snake.swift */ = {isa = PBXFileReference; lastKnownFileType = sourcecode.swift; path = Snake.swift; sourceTree = "<group>"; };
		BF91FACA28B4C87400EC72E9 /* Direction.swift */ = {isa = PBXFileReference; lastKnownFileType = sourcecode.swift; path = Direction.swift; sourceTree = "<group>"; };
		BF91FACD28B4CE4A00EC72E9 /* Game+Timer.swift */ = {isa = PBXFileReference; lastKnownFileType = sourcecode.swift; path = "Game+Timer.swift"; sourceTree = "<group>"; };
		BF91FAD028B4D55700EC72E9 /* NSNotification+extension.swift */ = {isa = PBXFileReference; lastKnownFileType = sourcecode.swift; path = "NSNotification+extension.swift"; sourceTree = "<group>"; };
		BFD6423D28B24E4D00E58E79 /* Snakev2.app */ = {isa = PBXFileReference; explicitFileType = wrapper.application; includeInIndex = 0; path = Snakev2.app; sourceTree = BUILT_PRODUCTS_DIR; };
		BFD6424028B24E4D00E58E79 /* AppDelegate.swift */ = {isa = PBXFileReference; lastKnownFileType = sourcecode.swift; path = AppDelegate.swift; sourceTree = "<group>"; };
		BFD6424228B24E4D00E58E79 /* SceneDelegate.swift */ = {isa = PBXFileReference; lastKnownFileType = sourcecode.swift; path = SceneDelegate.swift; sourceTree = "<group>"; };
		BFD6424428B24E4D00E58E79 /* GameViewController.swift */ = {isa = PBXFileReference; lastKnownFileType = sourcecode.swift; path = GameViewController.swift; sourceTree = "<group>"; };
		BFD6424728B24E4D00E58E79 /* Base */ = {isa = PBXFileReference; lastKnownFileType = file.storyboard; name = Base; path = Base.lproj/Main.storyboard; sourceTree = "<group>"; };
		BFD6424928B24E4D00E58E79 /* Assets.xcassets */ = {isa = PBXFileReference; lastKnownFileType = folder.assetcatalog; path = Assets.xcassets; sourceTree = "<group>"; };
		BFD6424C28B24E4D00E58E79 /* Base */ = {isa = PBXFileReference; lastKnownFileType = file.storyboard; name = Base; path = Base.lproj/LaunchScreen.storyboard; sourceTree = "<group>"; };
		BFD6424E28B24E4D00E58E79 /* Info.plist */ = {isa = PBXFileReference; lastKnownFileType = text.plist.xml; path = Info.plist; sourceTree = "<group>"; };
		BFD6426128B24F8D00E58E79 /* GameView.swift */ = {isa = PBXFileReference; lastKnownFileType = sourcecode.swift; path = GameView.swift; sourceTree = "<group>"; };
/* End PBXFileReference section */

/* Begin PBXFrameworksBuildPhase section */
		BFD6423A28B24E4D00E58E79 /* Frameworks */ = {
			isa = PBXFrameworksBuildPhase;
			buildActionMask = 2147483647;
			files = (
			);
			runOnlyForDeploymentPostprocessing = 0;
		};
/* End PBXFrameworksBuildPhase section */

/* Begin PBXGroup section */
		BF7764D128B36AE700F4C268 /* Custom views */ = {
			isa = PBXGroup;
			children = (
				BF7764D628B3869400F4C268 /* CustomButton.swift */,
				BF7764DE28B38C3C00F4C268 /* ScoreLabel.swift */,
				BF7764DB28B387CE00F4C268 /* LevelLabel.swift */,
				BF7764E228B390B500F4C268 /* FieldImageView.swift */,
			);
			path = "Custom views";
			sourceTree = "<group>";
		};
		BFD6423428B24E4D00E58E79 = {
			isa = PBXGroup;
			children = (
				BFD6423F28B24E4D00E58E79 /* Snakev2 */,
				BFD6423E28B24E4D00E58E79 /* Products */,
			);
			sourceTree = "<group>";
		};
		BFD6423E28B24E4D00E58E79 /* Products */ = {
			isa = PBXGroup;
			children = (
				BFD6423D28B24E4D00E58E79 /* Snakev2.app */,
			);
			name = Products;
			sourceTree = "<group>";
		};
		BFD6423F28B24E4D00E58E79 /* Snakev2 */ = {
			isa = PBXGroup;
			children = (
				BFD6425D28B24EF900E58E79 /* Resources */,
				BFD6425528B24E6100E58E79 /* Application */,
				BFD6425928B24EA200E58E79 /* Game */,
			);
			path = Snakev2;
			sourceTree = "<group>";
		};
		BFD6425528B24E6100E58E79 /* Application */ = {
			isa = PBXGroup;
			children = (
				BFD6424028B24E4D00E58E79 /* AppDelegate.swift */,
				BFD6424228B24E4D00E58E79 /* SceneDelegate.swift */,
			);
			path = Application;
			sourceTree = "<group>";
		};
		BFD6425928B24EA200E58E79 /* Game */ = {
			isa = PBXGroup;
			children = (
				BFD6425A28B24EB700E58E79 /* Model */,
				BFD6425B28B24EB700E58E79 /* View */,
				BFD6425C28B24EB700E58E79 /* Controller */,
			);
			path = Game;
			sourceTree = "<group>";
		};
		BFD6425A28B24EB700E58E79 /* Model */ = {
			isa = PBXGroup;
			children = (
				BF91FABE28B4C68500EC72E9 /* Game.swift */,
				BF91FACD28B4CE4A00EC72E9 /* Game+Timer.swift */,
				BF91FAC128B4C6CE00EC72E9 /* GameStatus.swift */,
				BF91FAC428B4C70F00EC72E9 /* Piece.swift */,
				BF91FAC728B4C72900EC72E9 /* Snake.swift */,
				BF91FACA28B4C87400EC72E9 /* Direction.swift */,
				BF91FAD028B4D55700EC72E9 /* NSNotification+extension.swift */,
				BF3DA90D28B778020035A3A8 /* CaseUserDefaults.swift */,
				BF3DA91428B77A160035A3A8 /* Record.swift */,
			);
			path = Model;
			sourceTree = "<group>";
		};
		BFD6425B28B24EB700E58E79 /* View */ = {
			isa = PBXGroup;
			children = (
				BF7764D128B36AE700F4C268 /* Custom views */,
				BFD6426128B24F8D00E58E79 /* GameView.swift */,
			);
			path = View;
			sourceTree = "<group>";
		};
		BFD6425C28B24EB700E58E79 /* Controller */ = {
			isa = PBXGroup;
			children = (
				BFD6424428B24E4D00E58E79 /* GameViewController.swift */,
				BF3DA91128B778C00035A3A8 /* GameVC+alert.swift */,
			);
			path = Controller;
			sourceTree = "<group>";
		};
		BFD6425D28B24EF900E58E79 /* Resources */ = {
			isa = PBXGroup;
			children = (
				BFD6424628B24E4D00E58E79 /* Main.storyboard */,
				BFD6424928B24E4D00E58E79 /* Assets.xcassets */,
				BFD6424B28B24E4D00E58E79 /* LaunchScreen.storyboard */,
				BFD6424E28B24E4D00E58E79 /* Info.plist */,
			);
			path = Resources;
			sourceTree = "<group>";
		};
/* End PBXGroup section */

/* Begin PBXNativeTarget section */
		BFD6423C28B24E4D00E58E79 /* Snakev2 */ = {
			isa = PBXNativeTarget;
			buildConfigurationList = BFD6425128B24E4D00E58E79 /* Build configuration list for PBXNativeTarget "Snakev2" */;
			buildPhases = (
				BFD6423928B24E4D00E58E79 /* Sources */,
				BFD6423A28B24E4D00E58E79 /* Frameworks */,
				BFD6423B28B24E4D00E58E79 /* Resources */,
			);
			buildRules = (
			);
			dependencies = (
			);
			name = Snakev2;
			productName = Snakev2;
			productReference = BFD6423D28B24E4D00E58E79 /* Snakev2.app */;
			productType = "com.apple.product-type.application";
		};
/* End PBXNativeTarget section */

/* Begin PBXProject section */
		BFD6423528B24E4D00E58E79 /* Project object */ = {
			isa = PBXProject;
			attributes = {
				LastSwiftUpdateCheck = 1240;
				LastUpgradeCheck = 1240;
				TargetAttributes = {
					BFD6423C28B24E4D00E58E79 = {
						CreatedOnToolsVersion = 12.4;
					};
				};
			};
			buildConfigurationList = BFD6423828B24E4D00E58E79 /* Build configuration list for PBXProject "Snakev2" */;
			compatibilityVersion = "Xcode 9.3";
			developmentRegion = en;
			hasScannedForEncodings = 0;
			knownRegions = (
				en,
				Base,
			);
			mainGroup = BFD6423428B24E4D00E58E79;
			productRefGroup = BFD6423E28B24E4D00E58E79 /* Products */;
			projectDirPath = "";
			projectRoot = "";
			targets = (
				BFD6423C28B24E4D00E58E79 /* Snakev2 */,
			);
		};
/* End PBXProject section */

/* Begin PBXResourcesBuildPhase section */
		BFD6423B28B24E4D00E58E79 /* Resources */ = {
			isa = PBXResourcesBuildPhase;
			buildActionMask = 2147483647;
			files = (
				BFD6424D28B24E4D00E58E79 /* LaunchScreen.storyboard in Resources */,
				BFD6424A28B24E4D00E58E79 /* Assets.xcassets in Resources */,
				BFD6424828B24E4D00E58E79 /* Main.storyboard in Resources */,
			);
			runOnlyForDeploymentPostprocessing = 0;
		};
/* End PBXResourcesBuildPhase section */

/* Begin PBXSourcesBuildPhase section */
		BFD6423928B24E4D00E58E79 /* Sources */ = {
			isa = PBXSourcesBuildPhase;
			buildActionMask = 2147483647;
			files = (
				BF3DA91228B778C00035A3A8 /* GameVC+alert.swift in Sources */,
				BF91FAD128B4D55700EC72E9 /* NSNotification+extension.swift in Sources */,
				BF3DA91528B77A160035A3A8 /* Record.swift in Sources */,
				BF7764DC28B387CE00F4C268 /* LevelLabel.swift in Sources */,
				BF91FACE28B4CE4A00EC72E9 /* Game+Timer.swift in Sources */,
				BF91FAC228B4C6CE00EC72E9 /* GameStatus.swift in Sources */,
				BF3DA90E28B778020035A3A8 /* CaseUserDefaults.swift in Sources */,
				BFD6424528B24E4D00E58E79 /* GameViewController.swift in Sources */,
				BF7764D728B3869400F4C268 /* CustomButton.swift in Sources */,
				BF7764DF28B38C3C00F4C268 /* ScoreLabel.swift in Sources */,
				BF7764E328B390B500F4C268 /* FieldImageView.swift in Sources */,
				BFD6424128B24E4D00E58E79 /* AppDelegate.swift in Sources */,
				BF91FABF28B4C68500EC72E9 /* Game.swift in Sources */,
				BF91FACB28B4C87400EC72E9 /* Direction.swift in Sources */,
				BFD6426228B24F8D00E58E79 /* GameView.swift in Sources */,
				BFD6424328B24E4D00E58E79 /* SceneDelegate.swift in Sources */,
				BF91FAC828B4C72900EC72E9 /* Snake.swift in Sources */,
				BF91FAC528B4C70F00EC72E9 /* Piece.swift in Sources */,
			);
			runOnlyForDeploymentPostprocessing = 0;
		};
/* End PBXSourcesBuildPhase section */

/* Begin PBXVariantGroup section */
		BFD6424628B24E4D00E58E79 /* Main.storyboard */ = {
			isa = PBXVariantGroup;
			children = (
				BFD6424728B24E4D00E58E79 /* Base */,
			);
			name = Main.storyboard;
			sourceTree = "<group>";
		};
		BFD6424B28B24E4D00E58E79 /* LaunchScreen.storyboard */ = {
			isa = PBXVariantGroup;
			children = (
				BFD6424C28B24E4D00E58E79 /* Base */,
			);
			name = LaunchScreen.storyboard;
			sourceTree = "<group>";
		};
/* End PBXVariantGroup section */

/* Begin XCBuildConfiguration section */
		BFD6424F28B24E4D00E58E79 /* Debug */ = {
			isa = XCBuildConfiguration;
			buildSettings = {
				ALWAYS_SEARCH_USER_PATHS = NO;
				CLANG_ANALYZER_NONNULL = YES;
				CLANG_ANALYZER_NUMBER_OBJECT_CONVERSION = YES_AGGRESSIVE;
				CLANG_CXX_LANGUAGE_STANDARD = "gnu++14";
				CLANG_CXX_LIBRARY = "libc++";
				CLANG_ENABLE_MODULES = YES;
				CLANG_ENABLE_OBJC_ARC = YES;
				CLANG_ENABLE_OBJC_WEAK = YES;
				CLANG_WARN_BLOCK_CAPTURE_AUTORELEASING = YES;
				CLANG_WARN_BOOL_CONVERSION = YES;
				CLANG_WARN_COMMA = YES;
				CLANG_WARN_CONSTANT_CONVERSION = YES;
				CLANG_WARN_DEPRECATED_OBJC_IMPLEMENTATIONS = YES;
				CLANG_WARN_DIRECT_OBJC_ISA_USAGE = YES_ERROR;
				CLANG_WARN_DOCUMENTATION_COMMENTS = YES;
				CLANG_WARN_EMPTY_BODY = YES;
				CLANG_WARN_ENUM_CONVERSION = YES;
				CLANG_WARN_INFINITE_RECURSION = YES;
				CLANG_WARN_INT_CONVERSION = YES;
				CLANG_WARN_NON_LITERAL_NULL_CONVERSION = YES;
				CLANG_WARN_OBJC_IMPLICIT_RETAIN_SELF = YES;
				CLANG_WARN_OBJC_LITERAL_CONVERSION = YES;
				CLANG_WARN_OBJC_ROOT_CLASS = YES_ERROR;
				CLANG_WARN_QUOTED_INCLUDE_IN_FRAMEWORK_HEADER = YES;
				CLANG_WARN_RANGE_LOOP_ANALYSIS = YES;
				CLANG_WARN_STRICT_PROTOTYPES = YES;
				CLANG_WARN_SUSPICIOUS_MOVE = YES;
				CLANG_WARN_UNGUARDED_AVAILABILITY = YES_AGGRESSIVE;
				CLANG_WARN_UNREACHABLE_CODE = YES;
				CLANG_WARN__DUPLICATE_METHOD_MATCH = YES;
				COPY_PHASE_STRIP = NO;
				DEBUG_INFORMATION_FORMAT = dwarf;
				ENABLE_STRICT_OBJC_MSGSEND = YES;
				ENABLE_TESTABILITY = YES;
				GCC_C_LANGUAGE_STANDARD = gnu11;
				GCC_DYNAMIC_NO_PIC = NO;
				GCC_NO_COMMON_BLOCKS = YES;
				GCC_OPTIMIZATION_LEVEL = 0;
				GCC_PREPROCESSOR_DEFINITIONS = (
					"DEBUG=1",
					"$(inherited)",
				);
				GCC_WARN_64_TO_32_BIT_CONVERSION = YES;
				GCC_WARN_ABOUT_RETURN_TYPE = YES_ERROR;
				GCC_WARN_UNDECLARED_SELECTOR = YES;
				GCC_WARN_UNINITIALIZED_AUTOS = YES_AGGRESSIVE;
				GCC_WARN_UNUSED_FUNCTION = YES;
				GCC_WARN_UNUSED_VARIABLE = YES;
				IPHONEOS_DEPLOYMENT_TARGET = 14.4;
				MTL_ENABLE_DEBUG_INFO = INCLUDE_SOURCE;
				MTL_FAST_MATH = YES;
				ONLY_ACTIVE_ARCH = YES;
				SDKROOT = iphoneos;
				SWIFT_ACTIVE_COMPILATION_CONDITIONS = DEBUG;
				SWIFT_OPTIMIZATION_LEVEL = "-Onone";
			};
			name = Debug;
		};
		BFD6425028B24E4D00E58E79 /* Release */ = {
			isa = XCBuildConfiguration;
			buildSettings = {
				ALWAYS_SEARCH_USER_PATHS = NO;
				CLANG_ANALYZER_NONNULL = YES;
				CLANG_ANALYZER_NUMBER_OBJECT_CONVERSION = YES_AGGRESSIVE;
				CLANG_CXX_LANGUAGE_STANDARD = "gnu++14";
				CLANG_CXX_LIBRARY = "libc++";
				CLANG_ENABLE_MODULES = YES;
				CLANG_ENABLE_OBJC_ARC = YES;
				CLANG_ENABLE_OBJC_WEAK = YES;
				CLANG_WARN_BLOCK_CAPTURE_AUTORELEASING = YES;
				CLANG_WARN_BOOL_CONVERSION = YES;
				CLANG_WARN_COMMA = YES;
				CLANG_WARN_CONSTANT_CONVERSION = YES;
				CLANG_WARN_DEPRECATED_OBJC_IMPLEMENTATIONS = YES;
				CLANG_WARN_DIRECT_OBJC_ISA_USAGE = YES_ERROR;
				CLANG_WARN_DOCUMENTATION_COMMENTS = YES;
				CLANG_WARN_EMPTY_BODY = YES;
				CLANG_WARN_ENUM_CONVERSION = YES;
				CLANG_WARN_INFINITE_RECURSION = YES;
				CLANG_WARN_INT_CONVERSION = YES;
				CLANG_WARN_NON_LITERAL_NULL_CONVERSION = YES;
				CLANG_WARN_OBJC_IMPLICIT_RETAIN_SELF = YES;
				CLANG_WARN_OBJC_LITERAL_CONVERSION = YES;
				CLANG_WARN_OBJC_ROOT_CLASS = YES_ERROR;
				CLANG_WARN_QUOTED_INCLUDE_IN_FRAMEWORK_HEADER = YES;
				CLANG_WARN_RANGE_LOOP_ANALYSIS = YES;
				CLANG_WARN_STRICT_PROTOTYPES = YES;
				CLANG_WARN_SUSPICIOUS_MOVE = YES;
				CLANG_WARN_UNGUARDED_AVAILABILITY = YES_AGGRESSIVE;
				CLANG_WARN_UNREACHABLE_CODE = YES;
				CLANG_WARN__DUPLICATE_METHOD_MATCH = YES;
				COPY_PHASE_STRIP = NO;
				DEBUG_INFORMATION_FORMAT = "dwarf-with-dsym";
				ENABLE_NS_ASSERTIONS = NO;
				ENABLE_STRICT_OBJC_MSGSEND = YES;
				GCC_C_LANGUAGE_STANDARD = gnu11;
				GCC_NO_COMMON_BLOCKS = YES;
				GCC_WARN_64_TO_32_BIT_CONVERSION = YES;
				GCC_WARN_ABOUT_RETURN_TYPE = YES_ERROR;
				GCC_WARN_UNDECLARED_SELECTOR = YES;
				GCC_WARN_UNINITIALIZED_AUTOS = YES_AGGRESSIVE;
				GCC_WARN_UNUSED_FUNCTION = YES;
				GCC_WARN_UNUSED_VARIABLE = YES;
				IPHONEOS_DEPLOYMENT_TARGET = 14.4;
				MTL_ENABLE_DEBUG_INFO = NO;
				MTL_FAST_MATH = YES;
				SDKROOT = iphoneos;
				SWIFT_COMPILATION_MODE = wholemodule;
				SWIFT_OPTIMIZATION_LEVEL = "-O";
				VALIDATE_PRODUCT = YES;
			};
			name = Release;
		};
		BFD6425228B24E4D00E58E79 /* Debug */ = {
			isa = XCBuildConfiguration;
			buildSettings = {
				ASSETCATALOG_COMPILER_APPICON_NAME = AppIcon;
				ASSETCATALOG_COMPILER_GLOBAL_ACCENT_COLOR_NAME = AccentColor;
				CODE_SIGN_STYLE = Automatic;
				DEVELOPMENT_TEAM = Z4DAU59V98;
				INFOPLIST_FILE = "$(SRCROOT)/Snakev2/Resources/Info.plist";
				LD_RUNPATH_SEARCH_PATHS = (
					"$(inherited)",
					"@executable_path/Frameworks",
				);
				PRODUCT_BUNDLE_IDENTIFIER = ua.advanc3d.Snakev2;
				PRODUCT_NAME = "$(TARGET_NAME)";
				SWIFT_VERSION = 5.0;
				TARGETED_DEVICE_FAMILY = "1,2";
			};
			name = Debug;
		};
		BFD6425328B24E4D00E58E79 /* Release */ = {
			isa = XCBuildConfiguration;
			buildSettings = {
				ASSETCATALOG_COMPILER_APPICON_NAME = AppIcon;
				ASSETCATALOG_COMPILER_GLOBAL_ACCENT_COLOR_NAME = AccentColor;
				CODE_SIGN_STYLE = Automatic;
				DEVELOPMENT_TEAM = Z4DAU59V98;
				INFOPLIST_FILE = "$(SRCROOT)/Snakev2/Resources/Info.plist";
				LD_RUNPATH_SEARCH_PATHS = (
					"$(inherited)",
					"@executable_path/Frameworks",
				);
				PRODUCT_BUNDLE_IDENTIFIER = ua.advanc3d.Snakev2;
				PRODUCT_NAME = "$(TARGET_NAME)";
				SWIFT_VERSION = 5.0;
				TARGETED_DEVICE_FAMILY = "1,2";
			};
			name = Release;
		};
/* End XCBuildConfiguration section */

/* Begin XCConfigurationList section */
		BFD6423828B24E4D00E58E79 /* Build configuration list for PBXProject "Snakev2" */ = {
			isa = XCConfigurationList;
			buildConfigurations = (
				BFD6424F28B24E4D00E58E79 /* Debug */,
				BFD6425028B24E4D00E58E79 /* Release */,
			);
			defaultConfigurationIsVisible = 0;
			defaultConfigurationName = Release;
		};
		BFD6425128B24E4D00E58E79 /* Build configuration list for PBXNativeTarget "Snakev2" */ = {
			isa = XCConfigurationList;
			buildConfigurations = (
				BFD6425228B24E4D00E58E79 /* Debug */,
				BFD6425328B24E4D00E58E79 /* Release */,
			);
			defaultConfigurationIsVisible = 0;
			defaultConfigurationName = Release;
		};
/* End XCConfigurationList section */
	};
	rootObject = BFD6423528B24E4D00E58E79 /* Project object */;
}
